
Microsoft Visual Studio Solution File, Format Version 12.00
# Visual Studio 2012
Project("{FAE04EC0-301F-11D3-BF4B-00C04F79EFBC}") = "CommandLine", "CommandLine\CommandLine.csproj", "{5E679CA2-6678-4D4B-9864-F5A4FA41CE7B}"
EndProject
Project("{FAE04EC0-301F-11D3-BF4B-00C04F79EFBC}") = "CommandLine.Sample", "CommandLine.Sample\CommandLine.Sample.csproj", "{6E780F43-148E-4144-8264-EDBC2C5D17CD}"
EndProject
Project("{2150E333-8FDC-42A3-9474-1A3956D46DE8}") = "CommandLine", "CommandLine", "{4812F362-4C93-4F8D-A052-4745FE7CDF00}"
	ProjectSection(SolutionItems) = preProject
		CommandLine\CommandLine.nuspec = CommandLine\CommandLine.nuspec
		CommandLine\README.md = CommandLine\README.md
	EndProjectSection
EndProject
Project("{2150E333-8FDC-42A3-9474-1A3956D46DE8}") = "Environment", "Environment", "{56BB2C00-F9DC-400D-B215-ED3CCA37BCA0}"
	ProjectSection(SolutionItems) = preProject
		Environment\Environment.nuspec = Environment\Environment.nuspec
		Environment\README.md = Environment\README.md
	EndProjectSection
EndProject
Project("{FAE04EC0-301F-11D3-BF4B-00C04F79EFBC}") = "Environment", "Environment\Environment.csproj", "{3C9DDA40-7BF6-4E6C-9DE8-49B34C07FAAC}"
EndProject
Project("{FAE04EC0-301F-11D3-BF4B-00C04F79EFBC}") = "Environment.UnitTest", "Environment.UnitTest\Environment.UnitTest.csproj", "{0A3F32C0-D76A-4BDB-BCEA-5EFCE1F02FE0}"
EndProject
Project("{2150E333-8FDC-42A3-9474-1A3956D46DE8}") = "Clipr", "Clipr", "{5DE26C0C-CAD5-47D6-BB38-2EB2D43C12B5}"
	ProjectSection(SolutionItems) = preProject
		clipr\clipr.nuspec = clipr\clipr.nuspec
		clipr\README.md = clipr\README.md
	EndProjectSection
EndProject
Project("{FAE04EC0-301F-11D3-BF4B-00C04F79EFBC}") = "clipr", "clipr\clipr.csproj", "{0CEC9AC2-FA2B-4218-B48C-4C51B326BAED}"
EndProject
Project("{FAE04EC0-301F-11D3-BF4B-00C04F79EFBC}") = "clipr.Sample", "clipr.Sample\clipr.Sample.csproj", "{C61CE448-DB3E-4F07-8BC4-ED1DF106D133}"
EndProject
Project("{2150E333-8FDC-42A3-9474-1A3956D46DE8}") = "AppSettings", "AppSettings", "{03CA2BC5-1023-444F-92D4-2D31BDBC64DA}"
	ProjectSection(SolutionItems) = preProject
		appsettings.nuspec = appsettings.nuspec
		README.md = README.md
	EndProjectSection
EndProject
Project("{FAE04EC0-301F-11D3-BF4B-00C04F79EFBC}") = "AppSettings", "AppSettings\AppSettings.csproj", "{A20ACC90-409E-4EE1-8A11-601F255AC5A4}"
EndProject
Project("{FAE04EC0-301F-11D3-BF4B-00C04F79EFBC}") = "AppSettings.Sample", "AppSettings.Sample\AppSettings.Sample.csproj", "{FA179673-AFC1-43B1-962A-26E88E04C062}"
EndProject
Global
	GlobalSection(SolutionConfigurationPlatforms) = preSolution
		Debug|Any CPU = Debug|Any CPU
		Release|Any CPU = Release|Any CPU
	EndGlobalSection
	GlobalSection(ProjectConfigurationPlatforms) = postSolution
		{5E679CA2-6678-4D4B-9864-F5A4FA41CE7B}.Debug|Any CPU.ActiveCfg = Debug|Any CPU
		{5E679CA2-6678-4D4B-9864-F5A4FA41CE7B}.Debug|Any CPU.Build.0 = Debug|Any CPU
		{5E679CA2-6678-4D4B-9864-F5A4FA41CE7B}.Release|Any CPU.ActiveCfg = Release|Any CPU
		{5E679CA2-6678-4D4B-9864-F5A4FA41CE7B}.Release|Any CPU.Build.0 = Release|Any CPU
		{6E780F43-148E-4144-8264-EDBC2C5D17CD}.Debug|Any CPU.ActiveCfg = Debug|Any CPU
		{6E780F43-148E-4144-8264-EDBC2C5D17CD}.Debug|Any CPU.Build.0 = Debug|Any CPU
		{6E780F43-148E-4144-8264-EDBC2C5D17CD}.Release|Any CPU.ActiveCfg = Release|Any CPU
		{6E780F43-148E-4144-8264-EDBC2C5D17CD}.Release|Any CPU.Build.0 = Release|Any CPU
		{3C9DDA40-7BF6-4E6C-9DE8-49B34C07FAAC}.Debug|Any CPU.ActiveCfg = Debug|Any CPU
		{3C9DDA40-7BF6-4E6C-9DE8-49B34C07FAAC}.Debug|Any CPU.Build.0 = Debug|Any CPU
		{3C9DDA40-7BF6-4E6C-9DE8-49B34C07FAAC}.Release|Any CPU.ActiveCfg = Release|Any CPU
		{3C9DDA40-7BF6-4E6C-9DE8-49B34C07FAAC}.Release|Any CPU.Build.0 = Release|Any CPU
		{0A3F32C0-D76A-4BDB-BCEA-5EFCE1F02FE0}.Debug|Any CPU.ActiveCfg = Debug|Any CPU
		{0A3F32C0-D76A-4BDB-BCEA-5EFCE1F02FE0}.Debug|Any CPU.Build.0 = Debug|Any CPU
		{0A3F32C0-D76A-4BDB-BCEA-5EFCE1F02FE0}.Release|Any CPU.ActiveCfg = Release|Any CPU
		{0A3F32C0-D76A-4BDB-BCEA-5EFCE1F02FE0}.Release|Any CPU.Build.0 = Release|Any CPU
		{0CEC9AC2-FA2B-4218-B48C-4C51B326BAED}.Debug|Any CPU.ActiveCfg = Debug|Any CPU
		{0CEC9AC2-FA2B-4218-B48C-4C51B326BAED}.Debug|Any CPU.Build.0 = Debug|Any CPU
		{0CEC9AC2-FA2B-4218-B48C-4C51B326BAED}.Release|Any CPU.ActiveCfg = Release|Any CPU
		{0CEC9AC2-FA2B-4218-B48C-4C51B326BAED}.Release|Any CPU.Build.0 = Release|Any CPU
		{C61CE448-DB3E-4F07-8BC4-ED1DF106D133}.Debug|Any CPU.ActiveCfg = Debug|Any CPU
		{C61CE448-DB3E-4F07-8BC4-ED1DF106D133}.Debug|Any CPU.Build.0 = Debug|Any CPU
		{C61CE448-DB3E-4F07-8BC4-ED1DF106D133}.Release|Any CPU.ActiveCfg = Release|Any CPU
		{C61CE448-DB3E-4F07-8BC4-ED1DF106D133}.Release|Any CPU.Build.0 = Release|Any CPU
		{A20ACC90-409E-4EE1-8A11-601F255AC5A4}.Debug|Any CPU.ActiveCfg = Debug|Any CPU
		{A20ACC90-409E-4EE1-8A11-601F255AC5A4}.Debug|Any CPU.Build.0 = Debug|Any CPU
		{A20ACC90-409E-4EE1-8A11-601F255AC5A4}.Release|Any CPU.ActiveCfg = Release|Any CPU
		{A20ACC90-409E-4EE1-8A11-601F255AC5A4}.Release|Any CPU.Build.0 = Release|Any CPU
		{FA179673-AFC1-43B1-962A-26E88E04C062}.Debug|Any CPU.ActiveCfg = Debug|Any CPU
		{FA179673-AFC1-43B1-962A-26E88E04C062}.Debug|Any CPU.Build.0 = Debug|Any CPU
		{FA179673-AFC1-43B1-962A-26E88E04C062}.Release|Any CPU.ActiveCfg = Release|Any CPU
		{FA179673-AFC1-43B1-962A-26E88E04C062}.Release|Any CPU.Build.0 = Release|Any CPU
	EndGlobalSection
	GlobalSection(SolutionProperties) = preSolution
		HideSolutionNode = FALSE
	EndGlobalSection
	GlobalSection(NestedProjects) = preSolution
		{6E780F43-148E-4144-8264-EDBC2C5D17CD} = {4812F362-4C93-4F8D-A052-4745FE7CDF00}
		{5E679CA2-6678-4D4B-9864-F5A4FA41CE7B} = {4812F362-4C93-4F8D-A052-4745FE7CDF00}
		{3C9DDA40-7BF6-4E6C-9DE8-49B34C07FAAC} = {56BB2C00-F9DC-400D-B215-ED3CCA37BCA0}
		{0A3F32C0-D76A-4BDB-BCEA-5EFCE1F02FE0} = {56BB2C00-F9DC-400D-B215-ED3CCA37BCA0}
		{0CEC9AC2-FA2B-4218-B48C-4C51B326BAED} = {5DE26C0C-CAD5-47D6-BB38-2EB2D43C12B5}
		{C61CE448-DB3E-4F07-8BC4-ED1DF106D133} = {5DE26C0C-CAD5-47D6-BB38-2EB2D43C12B5}
		{A20ACC90-409E-4EE1-8A11-601F255AC5A4} = {03CA2BC5-1023-444F-92D4-2D31BDBC64DA}
		{FA179673-AFC1-43B1-962A-26E88E04C062} = {03CA2BC5-1023-444F-92D4-2D31BDBC64DA}
	EndGlobalSection
EndGlobal
